
Microsoft Visual Studio Solution File, Format Version 12.00
# Visual Studio Version 17
VisualStudioVersion = 17.7.34221.43
MinimumVisualStudioVersion = 10.0.40219.1
Project("{9A19103F-16F7-4668-BE54-9A1E7A4F7556}") = "RealEstateAPI", "RealEstateAPI\RealEstateAPI.csproj", "{9BF9C818-D594-43AD-A574-038FE8C0A08F}"
EndProject
Project("{E53339B2-1760-4266-BCC7-CA923CBCF16C}") = "docker-compose", "docker-compose.dcproj", "{D443F950-C218-4D80-BDA0-DF61DFDB985B}"
EndProject
Global
	GlobalSection(SolutionConfigurationPlatforms) = preSolution
		Debug|Any CPU = Debug|Any CPU
		Release|Any CPU = Release|Any CPU
	EndGlobalSection
	GlobalSection(ProjectConfigurationPlatforms) = postSolution
		{9BF9C818-D594-43AD-A574-038FE8C0A08F}.Debug|Any CPU.ActiveCfg = Debug|Any CPU
		{9BF9C818-D594-43AD-A574-038FE8C0A08F}.Debug|Any CPU.Build.0 = Debug|Any CPU
		{9BF9C818-D594-43AD-A574-038FE8C0A08F}.Release|Any CPU.ActiveCfg = Release|Any CPU
		{9BF9C818-D594-43AD-A574-038FE8C0A08F}.Release|Any CPU.Build.0 = Release|Any CPU
		{D443F950-C218-4D80-BDA0-DF61DFDB985B}.Debug|Any CPU.ActiveCfg = Debug|Any CPU
		{D443F950-C218-4D80-BDA0-DF61DFDB985B}.Debug|Any CPU.Build.0 = Debug|Any CPU
		{D443F950-C218-4D80-BDA0-DF61DFDB985B}.Release|Any CPU.ActiveCfg = Release|Any CPU
		{D443F950-C218-4D80-BDA0-DF61DFDB985B}.Release|Any CPU.Build.0 = Release|Any CPU
	EndGlobalSection
	GlobalSection(SolutionProperties) = preSolution
		HideSolutionNode = FALSE
	EndGlobalSection
	GlobalSection(ExtensibilityGlobals) = postSolution
		SolutionGuid = {7953305E-011E-4CB6-A83C-276156231447}
	EndGlobalSection
EndGlobal
