
Microsoft Visual Studio Solution File, Format Version 12.00
# Visual Studio Version 17
VisualStudioVersion = 17.7.34221.43
MinimumVisualStudioVersion = 10.0.40219.1
Project("{9A19103F-16F7-4668-BE54-9A1E7A4F7556}") = "SpotifyClone", "SpotifyClone\SpotifyClone.csproj", "{81D05950-D48A-4DAD-A9B4-F74EA7116C4D}"
EndProject
Project("{9A19103F-16F7-4668-BE54-9A1E7A4F7556}") = "FileSystemExercise", "FileSystemExercise\FileSystemExercise.csproj", "{4337E2A5-0E5B-4B2E-ABA6-623BD5BB0AC4}"
EndProject
Project("{9A19103F-16F7-4668-BE54-9A1E7A4F7556}") = "Singleton", "Singleton\Singleton.csproj", "{D07BE673-73CA-413C-A57A-5A8BC51BD397}"
EndProject
Project("{2150E333-8FDC-42A3-9474-1A3956D46DE8}") = "SpotifyCloneRefactoring", "SpotifyCloneRefactoring", "{4575768F-FF8F-4CF8-86B4-510E98143487}"
EndProject
Project("{9A19103F-16F7-4668-BE54-9A1E7A4F7556}") = "Presentation", "Presentation\Presentation.csproj", "{C5360AAD-14E6-4642-890A-D82A9CA19CD7}"
	ProjectSection(ProjectDependencies) = postProject
		{5F4407CA-58D2-4869-9172-E668AD0E7A6C} = {5F4407CA-58D2-4869-9172-E668AD0E7A6C}
		{78B84BF5-E446-48A7-80B9-0B3BEBFCFB07} = {78B84BF5-E446-48A7-80B9-0B3BEBFCFB07}
	EndProjectSection
EndProject
Project("{9A19103F-16F7-4668-BE54-9A1E7A4F7556}") = "ServiceLayer", "ServiceLayer\ServiceLayer.csproj", "{78B84BF5-E446-48A7-80B9-0B3BEBFCFB07}"
	ProjectSection(ProjectDependencies) = postProject
		{5F4407CA-58D2-4869-9172-E668AD0E7A6C} = {5F4407CA-58D2-4869-9172-E668AD0E7A6C}
	EndProjectSection
EndProject
Project("{9A19103F-16F7-4668-BE54-9A1E7A4F7556}") = "DataLayer", "DataLayer\DataLayer.csproj", "{5F4407CA-58D2-4869-9172-E668AD0E7A6C}"
EndProject
Project("{9A19103F-16F7-4668-BE54-9A1E7A4F7556}") = "EmailSenderPresentation", "EmailSenderPresentation\EmailSenderPresentation.csproj", "{3BD4D84A-4338-4A4E-8F1C-F4B23C733998}"
EndProject
Project("{9A19103F-16F7-4668-BE54-9A1E7A4F7556}") = "EmailSenderDataLayer", "EmailSenderDataLayer\EmailSenderDataLayer.csproj", "{88EB0674-D763-4E48-BA75-EBE0277C622B}"
EndProject
Project("{9A19103F-16F7-4668-BE54-9A1E7A4F7556}") = "EmailSenderServiceLayer", "emailSenderServiceLayer\EmailSenderServiceLayer.csproj", "{473F396E-FA47-4E80-B655-B46161607AA3}"
EndProject
Project("{2150E333-8FDC-42A3-9474-1A3956D46DE8}") = "EmailSender", "EmailSender", "{17CBF030-836D-4458-8927-1ADB24197948}"
EndProject
Project("{2150E333-8FDC-42A3-9474-1A3956D46DE8}") = "EurozoneExercises", "EurozoneExercises", "{069396C3-3F5E-4DA7-87CB-1A70F582B306}"
EndProject
Project("{9A19103F-16F7-4668-BE54-9A1E7A4F7556}") = "Delegate-exercise", "Delegate-exercise\Delegate-exercise.csproj", "{8D9BE799-A443-4148-8868-88A38B1BDCB9}"
EndProject
Project("{FAE04EC0-301F-11D3-BF4B-00C04F79EFBC}") = "Events", "Events\Events.csproj", "{5963A4E1-3436-44E5-8BCF-EB6EB92EE8C1}"
EndProject
Global
	GlobalSection(SolutionConfigurationPlatforms) = preSolution
		Debug|Any CPU = Debug|Any CPU
		Release|Any CPU = Release|Any CPU
	EndGlobalSection
	GlobalSection(ProjectConfigurationPlatforms) = postSolution
		{81D05950-D48A-4DAD-A9B4-F74EA7116C4D}.Debug|Any CPU.ActiveCfg = Debug|Any CPU
		{81D05950-D48A-4DAD-A9B4-F74EA7116C4D}.Debug|Any CPU.Build.0 = Debug|Any CPU
		{81D05950-D48A-4DAD-A9B4-F74EA7116C4D}.Release|Any CPU.ActiveCfg = Release|Any CPU
		{81D05950-D48A-4DAD-A9B4-F74EA7116C4D}.Release|Any CPU.Build.0 = Release|Any CPU
		{4337E2A5-0E5B-4B2E-ABA6-623BD5BB0AC4}.Debug|Any CPU.ActiveCfg = Debug|Any CPU
		{4337E2A5-0E5B-4B2E-ABA6-623BD5BB0AC4}.Debug|Any CPU.Build.0 = Debug|Any CPU
		{4337E2A5-0E5B-4B2E-ABA6-623BD5BB0AC4}.Release|Any CPU.ActiveCfg = Release|Any CPU
		{4337E2A5-0E5B-4B2E-ABA6-623BD5BB0AC4}.Release|Any CPU.Build.0 = Release|Any CPU
		{D07BE673-73CA-413C-A57A-5A8BC51BD397}.Debug|Any CPU.ActiveCfg = Debug|Any CPU
		{D07BE673-73CA-413C-A57A-5A8BC51BD397}.Debug|Any CPU.Build.0 = Debug|Any CPU
		{D07BE673-73CA-413C-A57A-5A8BC51BD397}.Release|Any CPU.ActiveCfg = Release|Any CPU
		{D07BE673-73CA-413C-A57A-5A8BC51BD397}.Release|Any CPU.Build.0 = Release|Any CPU
		{C5360AAD-14E6-4642-890A-D82A9CA19CD7}.Debug|Any CPU.ActiveCfg = Debug|Any CPU
		{C5360AAD-14E6-4642-890A-D82A9CA19CD7}.Debug|Any CPU.Build.0 = Debug|Any CPU
		{C5360AAD-14E6-4642-890A-D82A9CA19CD7}.Release|Any CPU.ActiveCfg = Release|Any CPU
		{C5360AAD-14E6-4642-890A-D82A9CA19CD7}.Release|Any CPU.Build.0 = Release|Any CPU
		{78B84BF5-E446-48A7-80B9-0B3BEBFCFB07}.Debug|Any CPU.ActiveCfg = Debug|Any CPU
		{78B84BF5-E446-48A7-80B9-0B3BEBFCFB07}.Debug|Any CPU.Build.0 = Debug|Any CPU
		{78B84BF5-E446-48A7-80B9-0B3BEBFCFB07}.Release|Any CPU.ActiveCfg = Release|Any CPU
		{78B84BF5-E446-48A7-80B9-0B3BEBFCFB07}.Release|Any CPU.Build.0 = Release|Any CPU
		{5F4407CA-58D2-4869-9172-E668AD0E7A6C}.Debug|Any CPU.ActiveCfg = Debug|Any CPU
		{5F4407CA-58D2-4869-9172-E668AD0E7A6C}.Debug|Any CPU.Build.0 = Debug|Any CPU
		{5F4407CA-58D2-4869-9172-E668AD0E7A6C}.Release|Any CPU.ActiveCfg = Release|Any CPU
		{5F4407CA-58D2-4869-9172-E668AD0E7A6C}.Release|Any CPU.Build.0 = Release|Any CPU
		{3BD4D84A-4338-4A4E-8F1C-F4B23C733998}.Debug|Any CPU.ActiveCfg = Debug|Any CPU
		{3BD4D84A-4338-4A4E-8F1C-F4B23C733998}.Debug|Any CPU.Build.0 = Debug|Any CPU
		{3BD4D84A-4338-4A4E-8F1C-F4B23C733998}.Release|Any CPU.ActiveCfg = Release|Any CPU
		{3BD4D84A-4338-4A4E-8F1C-F4B23C733998}.Release|Any CPU.Build.0 = Release|Any CPU
		{88EB0674-D763-4E48-BA75-EBE0277C622B}.Debug|Any CPU.ActiveCfg = Debug|Any CPU
		{88EB0674-D763-4E48-BA75-EBE0277C622B}.Debug|Any CPU.Build.0 = Debug|Any CPU
		{88EB0674-D763-4E48-BA75-EBE0277C622B}.Release|Any CPU.ActiveCfg = Release|Any CPU
		{88EB0674-D763-4E48-BA75-EBE0277C622B}.Release|Any CPU.Build.0 = Release|Any CPU
		{473F396E-FA47-4E80-B655-B46161607AA3}.Debug|Any CPU.ActiveCfg = Debug|Any CPU
		{473F396E-FA47-4E80-B655-B46161607AA3}.Debug|Any CPU.Build.0 = Debug|Any CPU
		{473F396E-FA47-4E80-B655-B46161607AA3}.Release|Any CPU.ActiveCfg = Release|Any CPU
		{473F396E-FA47-4E80-B655-B46161607AA3}.Release|Any CPU.Build.0 = Release|Any CPU
		{8D9BE799-A443-4148-8868-88A38B1BDCB9}.Debug|Any CPU.ActiveCfg = Debug|Any CPU
		{8D9BE799-A443-4148-8868-88A38B1BDCB9}.Debug|Any CPU.Build.0 = Debug|Any CPU
		{8D9BE799-A443-4148-8868-88A38B1BDCB9}.Release|Any CPU.ActiveCfg = Release|Any CPU
		{8D9BE799-A443-4148-8868-88A38B1BDCB9}.Release|Any CPU.Build.0 = Release|Any CPU
		{5963A4E1-3436-44E5-8BCF-EB6EB92EE8C1}.Debug|Any CPU.ActiveCfg = Debug|Any CPU
		{5963A4E1-3436-44E5-8BCF-EB6EB92EE8C1}.Debug|Any CPU.Build.0 = Debug|Any CPU
		{5963A4E1-3436-44E5-8BCF-EB6EB92EE8C1}.Release|Any CPU.ActiveCfg = Release|Any CPU
		{5963A4E1-3436-44E5-8BCF-EB6EB92EE8C1}.Release|Any CPU.Build.0 = Release|Any CPU
	EndGlobalSection
	GlobalSection(SolutionProperties) = preSolution
		HideSolutionNode = FALSE
	EndGlobalSection
	GlobalSection(NestedProjects) = preSolution
		{C5360AAD-14E6-4642-890A-D82A9CA19CD7} = {4575768F-FF8F-4CF8-86B4-510E98143487}
		{78B84BF5-E446-48A7-80B9-0B3BEBFCFB07} = {4575768F-FF8F-4CF8-86B4-510E98143487}
		{5F4407CA-58D2-4869-9172-E668AD0E7A6C} = {4575768F-FF8F-4CF8-86B4-510E98143487}
		{3BD4D84A-4338-4A4E-8F1C-F4B23C733998} = {17CBF030-836D-4458-8927-1ADB24197948}
		{88EB0674-D763-4E48-BA75-EBE0277C622B} = {17CBF030-836D-4458-8927-1ADB24197948}
		{473F396E-FA47-4E80-B655-B46161607AA3} = {17CBF030-836D-4458-8927-1ADB24197948}
	EndGlobalSection
	GlobalSection(ExtensibilityGlobals) = postSolution
		SolutionGuid = {CF9128AD-1D18-4717-AAB4-EDE4407D43C2}
	EndGlobalSection
EndGlobal
