
Microsoft Visual Studio Solution File, Format Version 12.00
# Visual Studio Version 17
VisualStudioVersion = 17.7.34221.43
MinimumVisualStudioVersion = 10.0.40219.1
Project("{FAE04EC0-301F-11D3-BF4B-00C04F79EFBC}") = "ConsoleApp1", "ConsoleApp1.csproj", "{7D4F378E-AC40-4009-B2CE-E5C524285E6C}"
EndProject
Global
	GlobalSection(SolutionConfigurationPlatforms) = preSolution
		Debug|Any CPU = Debug|Any CPU
		Release|Any CPU = Release|Any CPU
	EndGlobalSection
	GlobalSection(ProjectConfigurationPlatforms) = postSolution
		{7D4F378E-AC40-4009-B2CE-E5C524285E6C}.Debug|Any CPU.ActiveCfg = Debug|Any CPU
		{7D4F378E-AC40-4009-B2CE-E5C524285E6C}.Debug|Any CPU.Build.0 = Debug|Any CPU
		{7D4F378E-AC40-4009-B2CE-E5C524285E6C}.Release|Any CPU.ActiveCfg = Release|Any CPU
		{7D4F378E-AC40-4009-B2CE-E5C524285E6C}.Release|Any CPU.Build.0 = Release|Any CPU
	EndGlobalSection
	GlobalSection(SolutionProperties) = preSolution
		HideSolutionNode = FALSE
	EndGlobalSection
	GlobalSection(ExtensibilityGlobals) = postSolution
		SolutionGuid = {D59C0E24-35F0-415F-9E8D-1C7BBD028C8D}
	EndGlobalSection
EndGlobal
